
Microsoft Visual Studio Solution File, Format Version 12.00
# Visual Studio Version 16
VisualStudioVersion = 16.0.30804.86
MinimumVisualStudioVersion = 10.0.40219.1
Project("{9A19103F-16F7-4668-BE54-9A1E7A4F7556}") = "NotificationAPI.App", "NotificationAPI.App\NotificationAPI.App.csproj", "{9A94652D-67A2-4987-BDC4-2570B3BF0A09}"
EndProject
Global
	GlobalSection(SolutionConfigurationPlatforms) = preSolution
		Debug|Any CPU = Debug|Any CPU
		Release|Any CPU = Release|Any CPU
	EndGlobalSection
	GlobalSection(ProjectConfigurationPlatforms) = postSolution
		{9A94652D-67A2-4987-BDC4-2570B3BF0A09}.Debug|Any CPU.ActiveCfg = Debug|Any CPU
		{9A94652D-67A2-4987-BDC4-2570B3BF0A09}.Debug|Any CPU.Build.0 = Debug|Any CPU
		{9A94652D-67A2-4987-BDC4-2570B3BF0A09}.Release|Any CPU.ActiveCfg = Release|Any CPU
		{9A94652D-67A2-4987-BDC4-2570B3BF0A09}.Release|Any CPU.Build.0 = Release|Any CPU
	EndGlobalSection
	GlobalSection(SolutionProperties) = preSolution
		HideSolutionNode = FALSE
	EndGlobalSection
	GlobalSection(ExtensibilityGlobals) = postSolution
		SolutionGuid = {A5F55681-9868-4B75-B2E4-3E550DD08F92}
	EndGlobalSection
EndGlobal
