
Microsoft Visual Studio Solution File, Format Version 12.00
# Visual Studio Version 16
VisualStudioVersion = 16.0.30804.86
MinimumVisualStudioVersion = 10.0.40219.1
Project("{9A19103F-16F7-4668-BE54-9A1E7A4F7556}") = "WebGateway.App", "WebGateway.App\WebGateway.App.csproj", "{D16CB690-960E-43F3-A676-E2E471E9E09C}"
EndProject
Project("{9A19103F-16F7-4668-BE54-9A1E7A4F7556}") = "WebGateway.Messaging", "WebGateway.Messaging\WebGateway.Messaging.csproj", "{15DD5352-B915-4CEE-A6BB-D98803066219}"
EndProject
Project("{9A19103F-16F7-4668-BE54-9A1E7A4F7556}") = "WebGateway.NetworkServices", "WebGateway.NetworkServices\WebGateway.NetworkServices.csproj", "{01A2C979-CF23-48F3-AACD-264C092040DD}"
EndProject
Project("{9A19103F-16F7-4668-BE54-9A1E7A4F7556}") = "WebGateway.Models", "WebGateway.Models\WebGateway.Models.csproj", "{49E22E24-C6C0-414A-BA5D-C743F00F4434}"
EndProject
Global
	GlobalSection(SolutionConfigurationPlatforms) = preSolution
		Debug|Any CPU = Debug|Any CPU
		Release|Any CPU = Release|Any CPU
	EndGlobalSection
	GlobalSection(ProjectConfigurationPlatforms) = postSolution
		{D16CB690-960E-43F3-A676-E2E471E9E09C}.Debug|Any CPU.ActiveCfg = Debug|Any CPU
		{D16CB690-960E-43F3-A676-E2E471E9E09C}.Debug|Any CPU.Build.0 = Debug|Any CPU
		{D16CB690-960E-43F3-A676-E2E471E9E09C}.Release|Any CPU.ActiveCfg = Release|Any CPU
		{D16CB690-960E-43F3-A676-E2E471E9E09C}.Release|Any CPU.Build.0 = Release|Any CPU
		{15DD5352-B915-4CEE-A6BB-D98803066219}.Debug|Any CPU.ActiveCfg = Debug|Any CPU
		{15DD5352-B915-4CEE-A6BB-D98803066219}.Debug|Any CPU.Build.0 = Debug|Any CPU
		{15DD5352-B915-4CEE-A6BB-D98803066219}.Release|Any CPU.ActiveCfg = Release|Any CPU
		{15DD5352-B915-4CEE-A6BB-D98803066219}.Release|Any CPU.Build.0 = Release|Any CPU
		{01A2C979-CF23-48F3-AACD-264C092040DD}.Debug|Any CPU.ActiveCfg = Debug|Any CPU
		{01A2C979-CF23-48F3-AACD-264C092040DD}.Debug|Any CPU.Build.0 = Debug|Any CPU
		{01A2C979-CF23-48F3-AACD-264C092040DD}.Release|Any CPU.ActiveCfg = Release|Any CPU
		{01A2C979-CF23-48F3-AACD-264C092040DD}.Release|Any CPU.Build.0 = Release|Any CPU
		{49E22E24-C6C0-414A-BA5D-C743F00F4434}.Debug|Any CPU.ActiveCfg = Debug|Any CPU
		{49E22E24-C6C0-414A-BA5D-C743F00F4434}.Debug|Any CPU.Build.0 = Debug|Any CPU
		{49E22E24-C6C0-414A-BA5D-C743F00F4434}.Release|Any CPU.ActiveCfg = Release|Any CPU
		{49E22E24-C6C0-414A-BA5D-C743F00F4434}.Release|Any CPU.Build.0 = Release|Any CPU
	EndGlobalSection
	GlobalSection(SolutionProperties) = preSolution
		HideSolutionNode = FALSE
	EndGlobalSection
	GlobalSection(ExtensibilityGlobals) = postSolution
		SolutionGuid = {4BABCDFE-DEB0-4DAE-81AA-29DA18896A31}
	EndGlobalSection
EndGlobal
