
Microsoft Visual Studio Solution File, Format Version 12.00
# Visual Studio Version 16
VisualStudioVersion = 16.0.30804.86
MinimumVisualStudioVersion = 10.0.40219.1
Project("{9A19103F-16F7-4668-BE54-9A1E7A4F7556}") = "ApplicantAPI.App", "ApplicantAPI.App\ApplicantAPI.App.csproj", "{7AD55F42-AB06-481A-A4E3-AAA800ECA424}"
EndProject
Project("{9A19103F-16F7-4668-BE54-9A1E7A4F7556}") = "ApplicantAPI.Data", "ApplicantAPI.Data\ApplicantAPI.Data.csproj", "{A28C7D17-5110-4F13-88C9-51C49AB1FC31}"
EndProject
Project("{9A19103F-16F7-4668-BE54-9A1E7A4F7556}") = "ApplicantAPI.Models", "ApplicantAPI.Models\ApplicantAPI.Models.csproj", "{9D93FB70-B109-4B3E-B22A-5A28277743AD}"
EndProject
Project("{9A19103F-16F7-4668-BE54-9A1E7A4F7556}") = "ApplicantAPI.Services", "ApplicantAPI.Services\ApplicantAPI.Services.csproj", "{68AD7AE3-6004-401F-90F4-8A9BBEC8BF4F}"
EndProject
Project("{FAE04EC0-301F-11D3-BF4B-00C04F79EFBC}") = "ApplicantAPI.Messaging", "ApplicantAPI.Messaging\ApplicantAPI.Messaging.csproj", "{A5C5D1B0-89EE-4470-A99D-803E8E7778C3}"
EndProject
Global
	GlobalSection(SolutionConfigurationPlatforms) = preSolution
		Debug|Any CPU = Debug|Any CPU
		Release|Any CPU = Release|Any CPU
	EndGlobalSection
	GlobalSection(ProjectConfigurationPlatforms) = postSolution
		{7AD55F42-AB06-481A-A4E3-AAA800ECA424}.Debug|Any CPU.ActiveCfg = Debug|Any CPU
		{7AD55F42-AB06-481A-A4E3-AAA800ECA424}.Debug|Any CPU.Build.0 = Debug|Any CPU
		{7AD55F42-AB06-481A-A4E3-AAA800ECA424}.Release|Any CPU.ActiveCfg = Release|Any CPU
		{7AD55F42-AB06-481A-A4E3-AAA800ECA424}.Release|Any CPU.Build.0 = Release|Any CPU
		{A28C7D17-5110-4F13-88C9-51C49AB1FC31}.Debug|Any CPU.ActiveCfg = Debug|Any CPU
		{A28C7D17-5110-4F13-88C9-51C49AB1FC31}.Debug|Any CPU.Build.0 = Debug|Any CPU
		{A28C7D17-5110-4F13-88C9-51C49AB1FC31}.Release|Any CPU.ActiveCfg = Release|Any CPU
		{A28C7D17-5110-4F13-88C9-51C49AB1FC31}.Release|Any CPU.Build.0 = Release|Any CPU
		{9D93FB70-B109-4B3E-B22A-5A28277743AD}.Debug|Any CPU.ActiveCfg = Debug|Any CPU
		{9D93FB70-B109-4B3E-B22A-5A28277743AD}.Debug|Any CPU.Build.0 = Debug|Any CPU
		{9D93FB70-B109-4B3E-B22A-5A28277743AD}.Release|Any CPU.ActiveCfg = Release|Any CPU
		{9D93FB70-B109-4B3E-B22A-5A28277743AD}.Release|Any CPU.Build.0 = Release|Any CPU
		{68AD7AE3-6004-401F-90F4-8A9BBEC8BF4F}.Debug|Any CPU.ActiveCfg = Debug|Any CPU
		{68AD7AE3-6004-401F-90F4-8A9BBEC8BF4F}.Debug|Any CPU.Build.0 = Debug|Any CPU
		{68AD7AE3-6004-401F-90F4-8A9BBEC8BF4F}.Release|Any CPU.ActiveCfg = Release|Any CPU
		{68AD7AE3-6004-401F-90F4-8A9BBEC8BF4F}.Release|Any CPU.Build.0 = Release|Any CPU
		{A5C5D1B0-89EE-4470-A99D-803E8E7778C3}.Debug|Any CPU.ActiveCfg = Debug|Any CPU
		{A5C5D1B0-89EE-4470-A99D-803E8E7778C3}.Debug|Any CPU.Build.0 = Debug|Any CPU
		{A5C5D1B0-89EE-4470-A99D-803E8E7778C3}.Release|Any CPU.ActiveCfg = Release|Any CPU
		{A5C5D1B0-89EE-4470-A99D-803E8E7778C3}.Release|Any CPU.Build.0 = Release|Any CPU
	EndGlobalSection
	GlobalSection(SolutionProperties) = preSolution
		HideSolutionNode = FALSE
	EndGlobalSection
	GlobalSection(ExtensibilityGlobals) = postSolution
		SolutionGuid = {D8B88646-2EF5-48A5-AC25-5E58ACD2CA96}
	EndGlobalSection
EndGlobal
